
Microsoft Visual Studio Solution File, Format Version 12.00
# Visual Studio Version 17
VisualStudioVersion = 17.10.34916.146
MinimumVisualStudioVersion = 10.0.40219.1
Project("{FAE04EC0-301F-11D3-BF4B-00C04F79EFBC}") = "Barice", "Barice\Barice.csproj", "{8E27B773-1695-4D99-9716-5FD3F101C9C6}"
EndProject
Global
	GlobalSection(SolutionConfigurationPlatforms) = preSolution
		Debug|Any CPU = Debug|Any CPU
		Release|Any CPU = Release|Any CPU
	EndGlobalSection
	GlobalSection(ProjectConfigurationPlatforms) = postSolution
		{8E27B773-1695-4D99-9716-5FD3F101C9C6}.Debug|Any CPU.ActiveCfg = Debug|Any CPU
		{8E27B773-1695-4D99-9716-5FD3F101C9C6}.Debug|Any CPU.Build.0 = Debug|Any CPU
		{8E27B773-1695-4D99-9716-5FD3F101C9C6}.Release|Any CPU.ActiveCfg = Release|Any CPU
		{8E27B773-1695-4D99-9716-5FD3F101C9C6}.Release|Any CPU.Build.0 = Release|Any CPU
	EndGlobalSection
	GlobalSection(SolutionProperties) = preSolution
		HideSolutionNode = FALSE
	EndGlobalSection
	GlobalSection(ExtensibilityGlobals) = postSolution
		SolutionGuid = {37C17E33-8779-4D88-9911-3874561A711D}
	EndGlobalSection
EndGlobal
